
Microsoft Visual Studio Solution File, Format Version 12.00
# Visual Studio Version 16
VisualStudioVersion = 16.0.30406.217
MinimumVisualStudioVersion = 10.0.40219.1
Project("{FAE04EC0-301F-11D3-BF4B-00C04F79EFBC}") = "QuoteManagement.Api", "QuoteManagement.Api\QuoteManagement.Api.csproj", "{CA3CDE2B-6AD8-4DA4-9DE1-1319A8F7790E}"
EndProject
Project("{FAE04EC0-301F-11D3-BF4B-00C04F79EFBC}") = "QuoteManagement.Api.Test", "QuoteManagement.Api.Test\QuoteManagement.Api.Test.csproj", "{B60B6142-8928-4894-AFC2-8714E6234000}"
EndProject
Global
	GlobalSection(SolutionConfigurationPlatforms) = preSolution
		Debug|Any CPU = Debug|Any CPU
		Release|Any CPU = Release|Any CPU
	EndGlobalSection
	GlobalSection(ProjectConfigurationPlatforms) = postSolution
		{CA3CDE2B-6AD8-4DA4-9DE1-1319A8F7790E}.Debug|Any CPU.ActiveCfg = Debug|Any CPU
		{CA3CDE2B-6AD8-4DA4-9DE1-1319A8F7790E}.Debug|Any CPU.Build.0 = Debug|Any CPU
		{CA3CDE2B-6AD8-4DA4-9DE1-1319A8F7790E}.Release|Any CPU.ActiveCfg = Release|Any CPU
		{CA3CDE2B-6AD8-4DA4-9DE1-1319A8F7790E}.Release|Any CPU.Build.0 = Release|Any CPU
		{B60B6142-8928-4894-AFC2-8714E6234000}.Debug|Any CPU.ActiveCfg = Debug|Any CPU
		{B60B6142-8928-4894-AFC2-8714E6234000}.Debug|Any CPU.Build.0 = Debug|Any CPU
		{B60B6142-8928-4894-AFC2-8714E6234000}.Release|Any CPU.ActiveCfg = Release|Any CPU
		{B60B6142-8928-4894-AFC2-8714E6234000}.Release|Any CPU.Build.0 = Release|Any CPU
	EndGlobalSection
	GlobalSection(SolutionProperties) = preSolution
		HideSolutionNode = FALSE
	EndGlobalSection
	GlobalSection(ExtensibilityGlobals) = postSolution
		SolutionGuid = {76BEB2F3-9DF3-4FFC-8B75-3981166C653B}
	EndGlobalSection
EndGlobal
