
Microsoft Visual Studio Solution File, Format Version 12.00
# Visual Studio Version 17
VisualStudioVersion = 17.0.32112.339
MinimumVisualStudioVersion = 10.0.40219.1
Project("{FAE04EC0-301F-11D3-BF4B-00C04F79EFBC}") = "ModernQuote.Api", "ModernQuote.Api\ModernQuote.Api.csproj", "{CC612053-7AC2-4483-B885-B52B4F13C6B3}"
EndProject
Project("{FAE04EC0-301F-11D3-BF4B-00C04F79EFBC}") = "ModernQuote.Api.Test", "ModernQuote.Api.Test\ModernQuote.Api.Test.csproj", "{318FEE06-27AF-40DD-AE44-BB61F0A9EBE5}"
EndProject
Global
	GlobalSection(SolutionConfigurationPlatforms) = preSolution
		Debug|Any CPU = Debug|Any CPU
		Release|Any CPU = Release|Any CPU
	EndGlobalSection
	GlobalSection(ProjectConfigurationPlatforms) = postSolution
		{CC612053-7AC2-4483-B885-B52B4F13C6B3}.Debug|Any CPU.ActiveCfg = Debug|Any CPU
		{CC612053-7AC2-4483-B885-B52B4F13C6B3}.Debug|Any CPU.Build.0 = Debug|Any CPU
		{CC612053-7AC2-4483-B885-B52B4F13C6B3}.Release|Any CPU.ActiveCfg = Release|Any CPU
		{CC612053-7AC2-4483-B885-B52B4F13C6B3}.Release|Any CPU.Build.0 = Release|Any CPU
		{318FEE06-27AF-40DD-AE44-BB61F0A9EBE5}.Debug|Any CPU.ActiveCfg = Debug|Any CPU
		{318FEE06-27AF-40DD-AE44-BB61F0A9EBE5}.Debug|Any CPU.Build.0 = Debug|Any CPU
		{318FEE06-27AF-40DD-AE44-BB61F0A9EBE5}.Release|Any CPU.ActiveCfg = Release|Any CPU
		{318FEE06-27AF-40DD-AE44-BB61F0A9EBE5}.Release|Any CPU.Build.0 = Release|Any CPU
	EndGlobalSection
	GlobalSection(SolutionProperties) = preSolution
		HideSolutionNode = FALSE
	EndGlobalSection
	GlobalSection(ExtensibilityGlobals) = postSolution
		SolutionGuid = {AA73BAF6-B83E-4E2B-A312-5939094F2617}
	EndGlobalSection
EndGlobal
